// !$*UTF8*$!
{
	archiveVersion = 1;
	classes = {
	};
	objectVersion = 46;
	objects = {

/* Begin PBXBuildFile section */
		8906008A1573CB7F00557EE3 /* ViewController.xib in Resources */ = {isa = PBXBuildFile; fileRef = 890600891573CB7F00557EE3 /* ViewController.xib */; };
		8906008D1573CEEB00557EE3 /* EditViewController.m in Sources */ = {isa = PBXBuildFile; fileRef = 8906008C1573CEEB00557EE3 /* EditViewController.m */; };
		890600901573CF0E00557EE3 /* UIImage+extension.m in Sources */ = {isa = PBXBuildFile; fileRef = 8906008F1573CF0E00557EE3 /* UIImage+extension.m */; };
		89C10EF81573C48300628AF8 /* UIKit.framework in Frameworks */ = {isa = PBXBuildFile; fileRef = 89C10EF71573C48300628AF8 /* UIKit.framework */; };
		89C10EFA1573C48300628AF8 /* Foundation.framework in Frameworks */ = {isa = PBXBuildFile; fileRef = 89C10EF91573C48300628AF8 /* Foundation.framework */; };
		89C10EFC1573C48300628AF8 /* CoreGraphics.framework in Frameworks */ = {isa = PBXBuildFile; fileRef = 89C10EFB1573C48300628AF8 /* CoreGraphics.framework */; };
		89C10F021573C48300628AF8 /* InfoPlist.strings in Resources */ = {isa = PBXBuildFile; fileRef = 89C10F001573C48300628AF8 /* InfoPlist.strings */; };
		89C10F041573C48300628AF8 /* main.m in Sources */ = {isa = PBXBuildFile; fileRef = 89C10F031573C48300628AF8 /* main.m */; };
		89C10F081573C48300628AF8 /* AppDelegate.m in Sources */ = {isa = PBXBuildFile; fileRef = 89C10F071573C48300628AF8 /* AppDelegate.m */; };
		89C10F0B1573C48300628AF8 /* ViewController.m in Sources */ = {isa = PBXBuildFile; fileRef = 89C10F0A1573C48300628AF8 /* ViewController.m */; };
/* End PBXBuildFile section */

/* Begin PBXFileReference section */
		890600891573CB7F00557EE3 /* ViewController.xib */ = {isa = PBXFileReference; fileEncoding = 4; lastKnownFileType = file.xib; path = ViewController.xib; sourceTree = "<group>"; };
		8906008B1573CEEB00557EE3 /* EditViewController.h */ = {isa = PBXFileReference; fileEncoding = 4; lastKnownFileType = sourcecode.c.h; path = EditViewController.h; sourceTree = "<group>"; };
		8906008C1573CEEB00557EE3 /* EditViewController.m */ = {isa = PBXFileReference; fileEncoding = 4; lastKnownFileType = sourcecode.c.objc; path = EditViewController.m; sourceTree = "<group>"; };
		8906008E1573CF0E00557EE3 /* UIImage+extension.h */ = {isa = PBXFileReference; fileEncoding = 4; lastKnownFileType = sourcecode.c.h; path = "UIImage+extension.h"; sourceTree = "<group>"; };
		8906008F1573CF0E00557EE3 /* UIImage+extension.m */ = {isa = PBXFileReference; fileEncoding = 4; lastKnownFileType = sourcecode.c.objc; path = "UIImage+extension.m"; sourceTree = "<group>"; };
		89C10EF31573C48300628AF8 /* TrimmingImageView.app */ = {isa = PBXFileReference; explicitFileType = wrapper.application; includeInIndex = 0; path = TrimmingImageView.app; sourceTree = BUILT_PRODUCTS_DIR; };
		89C10EF71573C48300628AF8 /* UIKit.framework */ = {isa = PBXFileReference; lastKnownFileType = wrapper.framework; name = UIKit.framework; path = System/Library/Frameworks/UIKit.framework; sourceTree = SDKROOT; };
		89C10EF91573C48300628AF8 /* Foundation.framework */ = {isa = PBXFileReference; lastKnownFileType = wrapper.framework; name = Foundation.framework; path = System/Library/Frameworks/Foundation.framework; sourceTree = SDKROOT; };
		89C10EFB1573C48300628AF8 /* CoreGraphics.framework */ = {isa = PBXFileReference; lastKnownFileType = wrapper.framework; name = CoreGraphics.framework; path = System/Library/Frameworks/CoreGraphics.framework; sourceTree = SDKROOT; };
		89C10EFF1573C48300628AF8 /* TrimmingImageView-Info.plist */ = {isa = PBXFileReference; lastKnownFileType = text.plist.xml; path = "TrimmingImageView-Info.plist"; sourceTree = "<group>"; };
		89C10F011573C48300628AF8 /* en */ = {isa = PBXFileReference; lastKnownFileType = text.plist.strings; name = en; path = en.lproj/InfoPlist.strings; sourceTree = "<group>"; };
		89C10F031573C48300628AF8 /* main.m */ = {isa = PBXFileReference; lastKnownFileType = sourcecode.c.objc; path = main.m; sourceTree = "<group>"; };
		89C10F051573C48300628AF8 /* TrimmingImageView-Prefix.pch */ = {isa = PBXFileReference; lastKnownFileType = sourcecode.c.h; path = "TrimmingImageView-Prefix.pch"; sourceTree = "<group>"; };
		89C10F061573C48300628AF8 /* AppDelegate.h */ = {isa = PBXFileReference; lastKnownFileType = sourcecode.c.h; path = AppDelegate.h; sourceTree = "<group>"; };
		89C10F071573C48300628AF8 /* AppDelegate.m */ = {isa = PBXFileReference; lastKnownFileType = sourcecode.c.objc; path = AppDelegate.m; sourceTree = "<group>"; };
		89C10F091573C48300628AF8 /* ViewController.h */ = {isa = PBXFileReference; lastKnownFileType = sourcecode.c.h; path = ViewController.h; sourceTree = "<group>"; };
		89C10F0A1573C48300628AF8 /* ViewController.m */ = {isa = PBXFileReference; lastKnownFileType = sourcecode.c.objc; path = ViewController.m; sourceTree = "<group>"; };
/* End PBXFileReference section */

/* Begin PBXFrameworksBuildPhase section */
		89C10EF01573C48300628AF8 /* Frameworks */ = {
			isa = PBXFrameworksBuildPhase;
			buildActionMask = 2147483647;
			files = (
				89C10EF81573C48300628AF8 /* UIKit.framework in Frameworks */,
				89C10EFA1573C48300628AF8 /* Foundation.framework in Frameworks */,
				89C10EFC1573C48300628AF8 /* CoreGraphics.framework in Frameworks */,
			);
			runOnlyForDeploymentPostprocessing = 0;
		};
/* End PBXFrameworksBuildPhase section */

/* Begin PBXGroup section */
		890600911573D0EC00557EE3 /* Category */ = {
			isa = PBXGroup;
			children = (
				8906008E1573CF0E00557EE3 /* UIImage+extension.h */,
				8906008F1573CF0E00557EE3 /* UIImage+extension.m */,
			);
			name = Category;
			sourceTree = "<group>";
		};
		890600921573D10000557EE3 /* View */ = {
			isa = PBXGroup;
			children = (
				89C10F091573C48300628AF8 /* ViewController.h */,
				89C10F0A1573C48300628AF8 /* ViewController.m */,
				890600891573CB7F00557EE3 /* ViewController.xib */,
				8906008B1573CEEB00557EE3 /* EditViewController.h */,
				8906008C1573CEEB00557EE3 /* EditViewController.m */,
			);
			name = View;
			sourceTree = "<group>";
		};
		89C10EE81573C48300628AF8 = {
			isa = PBXGroup;
			children = (
				89C10EFD1573C48300628AF8 /* TrimmingImageView */,
				89C10EF61573C48300628AF8 /* Frameworks */,
				89C10EF41573C48300628AF8 /* Products */,
			);
			sourceTree = "<group>";
		};
		89C10EF41573C48300628AF8 /* Products */ = {
			isa = PBXGroup;
			children = (
				89C10EF31573C48300628AF8 /* TrimmingImageView.app */,
			);
			name = Products;
			sourceTree = "<group>";
		};
		89C10EF61573C48300628AF8 /* Frameworks */ = {
			isa = PBXGroup;
			children = (
				89C10EF71573C48300628AF8 /* UIKit.framework */,
				89C10EF91573C48300628AF8 /* Foundation.framework */,
				89C10EFB1573C48300628AF8 /* CoreGraphics.framework */,
			);
			name = Frameworks;
			sourceTree = "<group>";
		};
		89C10EFD1573C48300628AF8 /* TrimmingImageView */ = {
			isa = PBXGroup;
			children = (
				89C10F061573C48300628AF8 /* AppDelegate.h */,
				89C10F071573C48300628AF8 /* AppDelegate.m */,
				890600921573D10000557EE3 /* View */,
				890600911573D0EC00557EE3 /* Category */,
				89C10EFE1573C48300628AF8 /* Supporting Files */,
			);
			path = TrimmingImageView;
			sourceTree = "<group>";
		};
		89C10EFE1573C48300628AF8 /* Supporting Files */ = {
			isa = PBXGroup;
			children = (
				89C10EFF1573C48300628AF8 /* TrimmingImageView-Info.plist */,
				89C10F001573C48300628AF8 /* InfoPlist.strings */,
				89C10F031573C48300628AF8 /* main.m */,
				89C10F051573C48300628AF8 /* TrimmingImageView-Prefix.pch */,
			);
			name = "Supporting Files";
			sourceTree = "<group>";
		};
/* End PBXGroup section */

/* Begin PBXNativeTarget section */
		89C10EF21573C48300628AF8 /* TrimmingImageView */ = {
			isa = PBXNativeTarget;
			buildConfigurationList = 89C10F111573C48300628AF8 /* Build configuration list for PBXNativeTarget "TrimmingImageView" */;
			buildPhases = (
				89C10EEF1573C48300628AF8 /* Sources */,
				89C10EF01573C48300628AF8 /* Frameworks */,
				89C10EF11573C48300628AF8 /* Resources */,
			);
			buildRules = (
			);
			dependencies = (
			);
			name = TrimmingImageView;
			productName = TrimmingImageView;
			productReference = 89C10EF31573C48300628AF8 /* TrimmingImageView.app */;
			productType = "com.apple.product-type.application";
		};
/* End PBXNativeTarget section */

/* Begin PBXProject section */
		89C10EEA1573C48300628AF8 /* Project object */ = {
			isa = PBXProject;
			attributes = {
				LastUpgradeCheck = 0420;
			};
			buildConfigurationList = 89C10EED1573C48300628AF8 /* Build configuration list for PBXProject "TrimmingImageView" */;
			compatibilityVersion = "Xcode 3.2";
			developmentRegion = English;
			hasScannedForEncodings = 0;
			knownRegions = (
				en,
			);
			mainGroup = 89C10EE81573C48300628AF8;
			productRefGroup = 89C10EF41573C48300628AF8 /* Products */;
			projectDirPath = "";
			projectRoot = "";
			targets = (
				89C10EF21573C48300628AF8 /* TrimmingImageView */,
			);
		};
/* End PBXProject section */

/* Begin PBXResourcesBuildPhase section */
		89C10EF11573C48300628AF8 /* Resources */ = {
			isa = PBXResourcesBuildPhase;
			buildActionMask = 2147483647;
			files = (
				89C10F021573C48300628AF8 /* InfoPlist.strings in Resources */,
				8906008A1573CB7F00557EE3 /* ViewController.xib in Resources */,
			);
			runOnlyForDeploymentPostprocessing = 0;
		};
/* End PBXResourcesBuildPhase section */

/* Begin PBXSourcesBuildPhase section */
		89C10EEF1573C48300628AF8 /* Sources */ = {
			isa = PBXSourcesBuildPhase;
			buildActionMask = 2147483647;
			files = (
				89C10F041573C48300628AF8 /* main.m in Sources */,
				89C10F081573C48300628AF8 /* AppDelegate.m in Sources */,
				89C10F0B1573C48300628AF8 /* ViewController.m in Sources */,
				8906008D1573CEEB00557EE3 /* EditViewController.m in Sources */,
				890600901573CF0E00557EE3 /* UIImage+extension.m in Sources */,
			);
			runOnlyForDeploymentPostprocessing = 0;
		};
/* End PBXSourcesBuildPhase section */

/* Begin PBXVariantGroup section */
		89C10F001573C48300628AF8 /* InfoPlist.strings */ = {
			isa = PBXVariantGroup;
			children = (
				89C10F011573C48300628AF8 /* en */,
			);
			name = InfoPlist.strings;
			sourceTree = "<group>";
		};
/* End PBXVariantGroup section */

/* Begin XCBuildConfiguration section */
		89C10F0F1573C48300628AF8 /* Debug */ = {
			isa = XCBuildConfiguration;
			buildSettings = {
				ALWAYS_SEARCH_USER_PATHS = NO;
				ARCHS = "$(ARCHS_STANDARD_32_BIT)";
				"CODE_SIGN_IDENTITY[sdk=iphoneos*]" = "iPhone Developer";
				COPY_PHASE_STRIP = NO;
				GCC_C_LANGUAGE_STANDARD = gnu99;
				GCC_DYNAMIC_NO_PIC = NO;
				GCC_OPTIMIZATION_LEVEL = 0;
				GCC_PREPROCESSOR_DEFINITIONS = (
					"DEBUG=1",
					"$(inherited)",
				);
				GCC_SYMBOLS_PRIVATE_EXTERN = NO;
				GCC_VERSION = com.apple.compilers.llvm.clang.1_0;
				GCC_WARN_ABOUT_MISSING_PROTOTYPES = YES;
				GCC_WARN_ABOUT_RETURN_TYPE = YES;
				GCC_WARN_UNUSED_VARIABLE = YES;
				IPHONEOS_DEPLOYMENT_TARGET = 5.0;
				SDKROOT = iphoneos;
			};
			name = Debug;
		};
		89C10F101573C48300628AF8 /* Release */ = {
			isa = XCBuildConfiguration;
			buildSettings = {
				ALWAYS_SEARCH_USER_PATHS = NO;
				ARCHS = "$(ARCHS_STANDARD_32_BIT)";
				"CODE_SIGN_IDENTITY[sdk=iphoneos*]" = "iPhone Developer";
				COPY_PHASE_STRIP = YES;
				GCC_C_LANGUAGE_STANDARD = gnu99;
				GCC_VERSION = com.apple.compilers.llvm.clang.1_0;
				GCC_WARN_ABOUT_MISSING_PROTOTYPES = YES;
				GCC_WARN_ABOUT_RETURN_TYPE = YES;
				GCC_WARN_UNUSED_VARIABLE = YES;
				IPHONEOS_DEPLOYMENT_TARGET = 5.0;
				OTHER_CFLAGS = "-DNS_BLOCK_ASSERTIONS=1";
				SDKROOT = iphoneos;
				VALIDATE_PRODUCT = YES;
			};
			name = Release;
		};
		89C10F121573C48300628AF8 /* Debug */ = {
			isa = XCBuildConfiguration;
			buildSettings = {
				GCC_PRECOMPILE_PREFIX_HEADER = YES;
				GCC_PREFIX_HEADER = "TrimmingImageView/TrimmingImageView-Prefix.pch";
				INFOPLIST_FILE = "TrimmingImageView/TrimmingImageView-Info.plist";
				PRODUCT_NAME = "$(TARGET_NAME)";
				WRAPPER_EXTENSION = app;
			};
			name = Debug;
		};
		89C10F131573C48300628AF8 /* Release */ = {
			isa = XCBuildConfiguration;
			buildSettings = {
				"CODE_SIGN_IDENTITY[sdk=iphoneos*]" = "iPhone Distribution";
				GCC_PRECOMPILE_PREFIX_HEADER = YES;
				GCC_PREFIX_HEADER = "TrimmingImageView/TrimmingImageView-Prefix.pch";
				INFOPLIST_FILE = "TrimmingImageView/TrimmingImageView-Info.plist";
				PRODUCT_NAME = "$(TARGET_NAME)";
				"PROVISIONING_PROFILE[sdk=iphoneos*]" = "";
				WRAPPER_EXTENSION = app;
			};
			name = Release;
		};
/* End XCBuildConfiguration section */

/* Begin XCConfigurationList section */
		89C10EED1573C48300628AF8 /* Build configuration list for PBXProject "TrimmingImageView" */ = {
			isa = XCConfigurationList;
			buildConfigurations = (
				89C10F0F1573C48300628AF8 /* Debug */,
				89C10F101573C48300628AF8 /* Release */,
			);
			defaultConfigurationIsVisible = 0;
			defaultConfigurationName = Release;
		};
		89C10F111573C48300628AF8 /* Build configuration list for PBXNativeTarget "TrimmingImageView" */ = {
			isa = XCConfigurationList;
			buildConfigurations = (
				89C10F121573C48300628AF8 /* Debug */,
				89C10F131573C48300628AF8 /* Release */,
			);
			defaultConfigurationIsVisible = 0;
			defaultConfigurationName = Release;
		};
/* End XCConfigurationList section */
	};
	rootObject = 89C10EEA1573C48300628AF8 /* Project object */;
}
